
Microsoft Visual Studio Solution File, Format Version 12.00
# Visual Studio Version 16
VisualStudioVersion = 16.0.30320.27
MinimumVisualStudioVersion = 10.0.40219.1
Project("{FAE04EC0-301F-11D3-BF4B-00C04F79EFBC}") = "UnityCleaner", "UnityCleaner\UnityCleaner.csproj", "{F5A022CF-5B6A-490F-BEBC-CE0FECA1E7AB}"
EndProject
Global
	GlobalSection(SolutionConfigurationPlatforms) = preSolution
		Debug|Any CPU = Debug|Any CPU
		Release|Any CPU = Release|Any CPU
	EndGlobalSection
	GlobalSection(ProjectConfigurationPlatforms) = postSolution
		{F5A022CF-5B6A-490F-BEBC-CE0FECA1E7AB}.Debug|Any CPU.ActiveCfg = Debug|Any CPU
		{F5A022CF-5B6A-490F-BEBC-CE0FECA1E7AB}.Debug|Any CPU.Build.0 = Debug|Any CPU
		{F5A022CF-5B6A-490F-BEBC-CE0FECA1E7AB}.Release|Any CPU.ActiveCfg = Release|Any CPU
		{F5A022CF-5B6A-490F-BEBC-CE0FECA1E7AB}.Release|Any CPU.Build.0 = Release|Any CPU
	EndGlobalSection
	GlobalSection(SolutionProperties) = preSolution
		HideSolutionNode = FALSE
	EndGlobalSection
	GlobalSection(ExtensibilityGlobals) = postSolution
		SolutionGuid = {427A4AD7-AE49-4F0F-8EE0-FBDA611C7F48}
	EndGlobalSection
EndGlobal
